
Microsoft Visual Studio Solution File, Format Version 12.00
# Visual Studio Version 17
VisualStudioVersion = 17.11.35327.3
MinimumVisualStudioVersion = 10.0.40219.1
Project("{FAE04EC0-301F-11D3-BF4B-00C04F79EFBC}") = "YelhighWebsite", "YelhighWebsite.csproj", "{B4EF78D5-CEF8-4CE0-97FC-028AE9260A7C}"
EndProject
Global
	GlobalSection(SolutionConfigurationPlatforms) = preSolution
		Debug|Any CPU = Debug|Any CPU
		Release|Any CPU = Release|Any CPU
	EndGlobalSection
	GlobalSection(ProjectConfigurationPlatforms) = postSolution
		{B4EF78D5-CEF8-4CE0-97FC-028AE9260A7C}.Debug|Any CPU.ActiveCfg = Debug|Any CPU
		{B4EF78D5-CEF8-4CE0-97FC-028AE9260A7C}.Debug|Any CPU.Build.0 = Debug|Any CPU
		{B4EF78D5-CEF8-4CE0-97FC-028AE9260A7C}.Release|Any CPU.ActiveCfg = Release|Any CPU
		{B4EF78D5-CEF8-4CE0-97FC-028AE9260A7C}.Release|Any CPU.Build.0 = Release|Any CPU
	EndGlobalSection
	GlobalSection(SolutionProperties) = preSolution
		HideSolutionNode = FALSE
	EndGlobalSection
	GlobalSection(ExtensibilityGlobals) = postSolution
		SolutionGuid = {937CF7F3-386C-4C7C-9DDE-15DB350BAE0E}
	EndGlobalSection
EndGlobal
